// !$*UTF8*$!
{
	archiveVersion = 1;
	classes = {
	};
	objectVersion = 50;
	objects = {

/* Begin PBXBuildFile section */
		DADB5B3C2464914300630F31 /* AppDelegate.swift in Sources */ = {isa = PBXBuildFile; fileRef = DADB5B3B2464914300630F31 /* AppDelegate.swift */; };
		DADB5B3E2464914300630F31 /* SceneDelegate.swift in Sources */ = {isa = PBXBuildFile; fileRef = DADB5B3D2464914300630F31 /* SceneDelegate.swift */; };
		DADB5B412464914300630F31 /* WeSplit.xcdatamodeld in Sources */ = {isa = PBXBuildFile; fileRef = DADB5B3F2464914300630F31 /* WeSplit.xcdatamodeld */; };
		DADB5B432464914300630F31 /* ContentView.swift in Sources */ = {isa = PBXBuildFile; fileRef = DADB5B422464914300630F31 /* ContentView.swift */; };
		DADB5B452464914500630F31 /* Assets.xcassets in Resources */ = {isa = PBXBuildFile; fileRef = DADB5B442464914500630F31 /* Assets.xcassets */; };
		DADB5B482464914500630F31 /* Preview Assets.xcassets in Resources */ = {isa = PBXBuildFile; fileRef = DADB5B472464914500630F31 /* Preview Assets.xcassets */; };
		DADB5B4B2464914500630F31 /* LaunchScreen.storyboard in Resources */ = {isa = PBXBuildFile; fileRef = DADB5B492464914500630F31 /* LaunchScreen.storyboard */; };
		DADB5B562464914500630F31 /* WeSplitTests.swift in Sources */ = {isa = PBXBuildFile; fileRef = DADB5B552464914500630F31 /* WeSplitTests.swift */; };
/* End PBXBuildFile section */

/* Begin PBXContainerItemProxy section */
		DADB5B522464914500630F31 /* PBXContainerItemProxy */ = {
			isa = PBXContainerItemProxy;
			containerPortal = DADB5B302464914300630F31 /* Project object */;
			proxyType = 1;
			remoteGlobalIDString = DADB5B372464914300630F31;
			remoteInfo = WeSplit;
		};
/* End PBXContainerItemProxy section */

/* Begin PBXFileReference section */
		DADB5B382464914300630F31 /* WeSplit.app */ = {isa = PBXFileReference; explicitFileType = wrapper.application; includeInIndex = 0; path = WeSplit.app; sourceTree = BUILT_PRODUCTS_DIR; };
		DADB5B3B2464914300630F31 /* AppDelegate.swift */ = {isa = PBXFileReference; lastKnownFileType = sourcecode.swift; path = AppDelegate.swift; sourceTree = "<group>"; };
		DADB5B3D2464914300630F31 /* SceneDelegate.swift */ = {isa = PBXFileReference; lastKnownFileType = sourcecode.swift; path = SceneDelegate.swift; sourceTree = "<group>"; };
		DADB5B402464914300630F31 /* WeSplit.xcdatamodel */ = {isa = PBXFileReference; lastKnownFileType = wrapper.xcdatamodel; path = WeSplit.xcdatamodel; sourceTree = "<group>"; };
		DADB5B422464914300630F31 /* ContentView.swift */ = {isa = PBXFileReference; lastKnownFileType = sourcecode.swift; path = ContentView.swift; sourceTree = "<group>"; };
		DADB5B442464914500630F31 /* Assets.xcassets */ = {isa = PBXFileReference; lastKnownFileType = folder.assetcatalog; path = Assets.xcassets; sourceTree = "<group>"; };
		DADB5B472464914500630F31 /* Preview Assets.xcassets */ = {isa = PBXFileReference; lastKnownFileType = folder.assetcatalog; path = "Preview Assets.xcassets"; sourceTree = "<group>"; };
		DADB5B4A2464914500630F31 /* Base */ = {isa = PBXFileReference; lastKnownFileType = file.storyboard; name = Base; path = Base.lproj/LaunchScreen.storyboard; sourceTree = "<group>"; };
		DADB5B4C2464914500630F31 /* Info.plist */ = {isa = PBXFileReference; lastKnownFileType = text.plist.xml; path = Info.plist; sourceTree = "<group>"; };
		DADB5B512464914500630F31 /* WeSplitTests.xctest */ = {isa = PBXFileReference; explicitFileType = wrapper.cfbundle; includeInIndex = 0; path = WeSplitTests.xctest; sourceTree = BUILT_PRODUCTS_DIR; };
		DADB5B552464914500630F31 /* WeSplitTests.swift */ = {isa = PBXFileReference; lastKnownFileType = sourcecode.swift; path = WeSplitTests.swift; sourceTree = "<group>"; };
		DADB5B572464914500630F31 /* Info.plist */ = {isa = PBXFileReference; lastKnownFileType = text.plist.xml; path = Info.plist; sourceTree = "<group>"; };
/* End PBXFileReference section */

/* Begin PBXFrameworksBuildPhase section */
		DADB5B352464914300630F31 /* Frameworks */ = {
			isa = PBXFrameworksBuildPhase;
			buildActionMask = 2147483647;
			files = (
			);
			runOnlyForDeploymentPostprocessing = 0;
		};
		DADB5B4E2464914500630F31 /* Frameworks */ = {
			isa = PBXFrameworksBuildPhase;
			buildActionMask = 2147483647;
			files = (
			);
			runOnlyForDeploymentPostprocessing = 0;
		};
/* End PBXFrameworksBuildPhase section */

/* Begin PBXGroup section */
		DA8236462464926900FDCF3A /* ViewLayer */ = {
			isa = PBXGroup;
			children = (
				DADB5B492464914500630F31 /* LaunchScreen.storyboard */,
				DADB5B422464914300630F31 /* ContentView.swift */,
			);
			path = ViewLayer;
			sourceTree = "<group>";
		};
		DA8236472464927C00FDCF3A /* DataLayer */ = {
			isa = PBXGroup;
			children = (
				DADB5B3F2464914300630F31 /* WeSplit.xcdatamodeld */,
			);
			path = DataLayer;
			sourceTree = "<group>";
		};
		DA8236482464928800FDCF3A /* Resources */ = {
			isa = PBXGroup;
			children = (
				DADB5B462464914500630F31 /* Preview Content */,
				DADB5B442464914500630F31 /* Assets.xcassets */,
			);
			path = Resources;
			sourceTree = "<group>";
		};
		DADB5B2F2464914300630F31 = {
			isa = PBXGroup;
			children = (
				DADB5B3A2464914300630F31 /* WeSplit */,
				DADB5B542464914500630F31 /* WeSplitTests */,
				DADB5B392464914300630F31 /* Products */,
			);
			sourceTree = "<group>";
		};
		DADB5B392464914300630F31 /* Products */ = {
			isa = PBXGroup;
			children = (
				DADB5B382464914300630F31 /* WeSplit.app */,
				DADB5B512464914500630F31 /* WeSplitTests.xctest */,
			);
			name = Products;
			sourceTree = "<group>";
		};
		DADB5B3A2464914300630F31 /* WeSplit */ = {
			isa = PBXGroup;
			children = (
				DA8236482464928800FDCF3A /* Resources */,
				DA8236472464927C00FDCF3A /* DataLayer */,
				DA8236462464926900FDCF3A /* ViewLayer */,
				DADB5B3B2464914300630F31 /* AppDelegate.swift */,
				DADB5B3D2464914300630F31 /* SceneDelegate.swift */,
				DADB5B4C2464914500630F31 /* Info.plist */,
			);
			path = WeSplit;
			sourceTree = "<group>";
		};
		DADB5B462464914500630F31 /* Preview Content */ = {
			isa = PBXGroup;
			children = (
				DADB5B472464914500630F31 /* Preview Assets.xcassets */,
			);
			path = "Preview Content";
			sourceTree = "<group>";
		};
		DADB5B542464914500630F31 /* WeSplitTests */ = {
			isa = PBXGroup;
			children = (
				DADB5B552464914500630F31 /* WeSplitTests.swift */,
				DADB5B572464914500630F31 /* Info.plist */,
			);
			path = WeSplitTests;
			sourceTree = "<group>";
		};
/* End PBXGroup section */

/* Begin PBXNativeTarget section */
		DADB5B372464914300630F31 /* WeSplit */ = {
			isa = PBXNativeTarget;
			buildConfigurationList = DADB5B5A2464914500630F31 /* Build configuration list for PBXNativeTarget "WeSplit" */;
			buildPhases = (
				DADB5B342464914300630F31 /* Sources */,
				DADB5B352464914300630F31 /* Frameworks */,
				DADB5B362464914300630F31 /* Resources */,
			);
			buildRules = (
			);
			dependencies = (
			);
			name = WeSplit;
			productName = WeSplit;
			productReference = DADB5B382464914300630F31 /* WeSplit.app */;
			productType = "com.apple.product-type.application";
		};
		DADB5B502464914500630F31 /* WeSplitTests */ = {
			isa = PBXNativeTarget;
			buildConfigurationList = DADB5B5D2464914500630F31 /* Build configuration list for PBXNativeTarget "WeSplitTests" */;
			buildPhases = (
				DADB5B4D2464914500630F31 /* Sources */,
				DADB5B4E2464914500630F31 /* Frameworks */,
				DADB5B4F2464914500630F31 /* Resources */,
			);
			buildRules = (
			);
			dependencies = (
				DADB5B532464914500630F31 /* PBXTargetDependency */,
			);
			name = WeSplitTests;
			productName = WeSplitTests;
			productReference = DADB5B512464914500630F31 /* WeSplitTests.xctest */;
			productType = "com.apple.product-type.bundle.unit-test";
		};
/* End PBXNativeTarget section */

/* Begin PBXProject section */
		DADB5B302464914300630F31 /* Project object */ = {
			isa = PBXProject;
			attributes = {
				LastSwiftUpdateCheck = 1140;
				LastUpgradeCheck = 1140;
				ORGANIZATIONNAME = "Josh Franco";
				TargetAttributes = {
					DADB5B372464914300630F31 = {
						CreatedOnToolsVersion = 11.4.1;
					};
					DADB5B502464914500630F31 = {
						CreatedOnToolsVersion = 11.4.1;
						TestTargetID = DADB5B372464914300630F31;
					};
				};
			};
			buildConfigurationList = DADB5B332464914300630F31 /* Build configuration list for PBXProject "WeSplit" */;
			compatibilityVersion = "Xcode 9.3";
			developmentRegion = en;
			hasScannedForEncodings = 0;
			knownRegions = (
				en,
				Base,
			);
			mainGroup = DADB5B2F2464914300630F31;
			productRefGroup = DADB5B392464914300630F31 /* Products */;
			projectDirPath = "";
			projectRoot = "";
			targets = (
				DADB5B372464914300630F31 /* WeSplit */,
				DADB5B502464914500630F31 /* WeSplitTests */,
			);
		};
/* End PBXProject section */

/* Begin PBXResourcesBuildPhase section */
		DADB5B362464914300630F31 /* Resources */ = {
			isa = PBXResourcesBuildPhase;
			buildActionMask = 2147483647;
			files = (
				DADB5B4B2464914500630F31 /* LaunchScreen.storyboard in Resources */,
				DADB5B482464914500630F31 /* Preview Assets.xcassets in Resources */,
				DADB5B452464914500630F31 /* Assets.xcassets in Resources */,
			);
			runOnlyForDeploymentPostprocessing = 0;
		};
		DADB5B4F2464914500630F31 /* Resources */ = {
			isa = PBXResourcesBuildPhase;
			buildActionMask = 2147483647;
			files = (
			);
			runOnlyForDeploymentPostprocessing = 0;
		};
/* End PBXResourcesBuildPhase section */

/* Begin PBXSourcesBuildPhase section */
		DADB5B342464914300630F31 /* Sources */ = {
			isa = PBXSourcesBuildPhase;
			buildActionMask = 2147483647;
			files = (
				DADB5B3C2464914300630F31 /* AppDelegate.swift in Sources */,
				DADB5B412464914300630F31 /* WeSplit.xcdatamodeld in Sources */,
				DADB5B432464914300630F31 /* ContentView.swift in Sources */,
				DADB5B3E2464914300630F31 /* SceneDelegate.swift in Sources */,
			);
			runOnlyForDeploymentPostprocessing = 0;
		};
		DADB5B4D2464914500630F31 /* Sources */ = {
			isa = PBXSourcesBuildPhase;
			buildActionMask = 2147483647;
			files = (
				DADB5B562464914500630F31 /* WeSplitTests.swift in Sources */,
			);
			runOnlyForDeploymentPostprocessing = 0;
		};
/* End PBXSourcesBuildPhase section */

/* Begin PBXTargetDependency section */
		DADB5B532464914500630F31 /* PBXTargetDependency */ = {
			isa = PBXTargetDependency;
			target = DADB5B372464914300630F31 /* WeSplit */;
			targetProxy = DADB5B522464914500630F31 /* PBXContainerItemProxy */;
		};
/* End PBXTargetDependency section */

/* Begin PBXVariantGroup section */
		DADB5B492464914500630F31 /* LaunchScreen.storyboard */ = {
			isa = PBXVariantGroup;
			children = (
				DADB5B4A2464914500630F31 /* Base */,
			);
			name = LaunchScreen.storyboard;
			sourceTree = "<group>";
		};
/* End PBXVariantGroup section */

/* Begin XCBuildConfiguration section */
		DADB5B582464914500630F31 /* Debug */ = {
			isa = XCBuildConfiguration;
			buildSettings = {
				ALWAYS_SEARCH_USER_PATHS = NO;
				CLANG_ANALYZER_NONNULL = YES;
				CLANG_ANALYZER_NUMBER_OBJECT_CONVERSION = YES_AGGRESSIVE;
				CLANG_CXX_LANGUAGE_STANDARD = "gnu++14";
				CLANG_CXX_LIBRARY = "libc++";
				CLANG_ENABLE_MODULES = YES;
				CLANG_ENABLE_OBJC_ARC = YES;
				CLANG_ENABLE_OBJC_WEAK = YES;
				CLANG_WARN_BLOCK_CAPTURE_AUTORELEASING = YES;
				CLANG_WARN_BOOL_CONVERSION = YES;
				CLANG_WARN_COMMA = YES;
				CLANG_WARN_CONSTANT_CONVERSION = YES;
				CLANG_WARN_DEPRECATED_OBJC_IMPLEMENTATIONS = YES;
				CLANG_WARN_DIRECT_OBJC_ISA_USAGE = YES_ERROR;
				CLANG_WARN_DOCUMENTATION_COMMENTS = YES;
				CLANG_WARN_EMPTY_BODY = YES;
				CLANG_WARN_ENUM_CONVERSION = YES;
				CLANG_WARN_INFINITE_RECURSION = YES;
				CLANG_WARN_INT_CONVERSION = YES;
				CLANG_WARN_NON_LITERAL_NULL_CONVERSION = YES;
				CLANG_WARN_OBJC_IMPLICIT_RETAIN_SELF = YES;
				CLANG_WARN_OBJC_LITERAL_CONVERSION = YES;
				CLANG_WARN_OBJC_ROOT_CLASS = YES_ERROR;
				CLANG_WARN_RANGE_LOOP_ANALYSIS = YES;
				CLANG_WARN_STRICT_PROTOTYPES = YES;
				CLANG_WARN_SUSPICIOUS_MOVE = YES;
				CLANG_WARN_UNGUARDED_AVAILABILITY = YES_AGGRESSIVE;
				CLANG_WARN_UNREACHABLE_CODE = YES;
				CLANG_WARN__DUPLICATE_METHOD_MATCH = YES;
				COPY_PHASE_STRIP = NO;
				DEBUG_INFORMATION_FORMAT = dwarf;
				ENABLE_STRICT_OBJC_MSGSEND = YES;
				ENABLE_TESTABILITY = YES;
				GCC_C_LANGUAGE_STANDARD = gnu11;
				GCC_DYNAMIC_NO_PIC = NO;
				GCC_NO_COMMON_BLOCKS = YES;
				GCC_OPTIMIZATION_LEVEL = 0;
				GCC_PREPROCESSOR_DEFINITIONS = (
					"DEBUG=1",
					"$(inherited)",
				);
				GCC_WARN_64_TO_32_BIT_CONVERSION = YES;
				GCC_WARN_ABOUT_RETURN_TYPE = YES_ERROR;
				GCC_WARN_UNDECLARED_SELECTOR = YES;
				GCC_WARN_UNINITIALIZED_AUTOS = YES_AGGRESSIVE;
				GCC_WARN_UNUSED_FUNCTION = YES;
				GCC_WARN_UNUSED_VARIABLE = YES;
				IPHONEOS_DEPLOYMENT_TARGET = 13.4;
				MTL_ENABLE_DEBUG_INFO = INCLUDE_SOURCE;
				MTL_FAST_MATH = YES;
				ONLY_ACTIVE_ARCH = YES;
				SDKROOT = iphoneos;
				SWIFT_ACTIVE_COMPILATION_CONDITIONS = DEBUG;
				SWIFT_OPTIMIZATION_LEVEL = "-Onone";
			};
			name = Debug;
		};
		DADB5B592464914500630F31 /* Release */ = {
			isa = XCBuildConfiguration;
			buildSettings = {
				ALWAYS_SEARCH_USER_PATHS = NO;
				CLANG_ANALYZER_NONNULL = YES;
				CLANG_ANALYZER_NUMBER_OBJECT_CONVERSION = YES_AGGRESSIVE;
				CLANG_CXX_LANGUAGE_STANDARD = "gnu++14";
				CLANG_CXX_LIBRARY = "libc++";
				CLANG_ENABLE_MODULES = YES;
				CLANG_ENABLE_OBJC_ARC = YES;
				CLANG_ENABLE_OBJC_WEAK = YES;
				CLANG_WARN_BLOCK_CAPTURE_AUTORELEASING = YES;
				CLANG_WARN_BOOL_CONVERSION = YES;
				CLANG_WARN_COMMA = YES;
				CLANG_WARN_CONSTANT_CONVERSION = YES;
				CLANG_WARN_DEPRECATED_OBJC_IMPLEMENTATIONS = YES;
				CLANG_WARN_DIRECT_OBJC_ISA_USAGE = YES_ERROR;
				CLANG_WARN_DOCUMENTATION_COMMENTS = YES;
				CLANG_WARN_EMPTY_BODY = YES;
				CLANG_WARN_ENUM_CONVERSION = YES;
				CLANG_WARN_INFINITE_RECURSION = YES;
				CLANG_WARN_INT_CONVERSION = YES;
				CLANG_WARN_NON_LITERAL_NULL_CONVERSION = YES;
				CLANG_WARN_OBJC_IMPLICIT_RETAIN_SELF = YES;
				CLANG_WARN_OBJC_LITERAL_CONVERSION = YES;
				CLANG_WARN_OBJC_ROOT_CLASS = YES_ERROR;
				CLANG_WARN_RANGE_LOOP_ANALYSIS = YES;
				CLANG_WARN_STRICT_PROTOTYPES = YES;
				CLANG_WARN_SUSPICIOUS_MOVE = YES;
				CLANG_WARN_UNGUARDED_AVAILABILITY = YES_AGGRESSIVE;
				CLANG_WARN_UNREACHABLE_CODE = YES;
				CLANG_WARN__DUPLICATE_METHOD_MATCH = YES;
				COPY_PHASE_STRIP = NO;
				DEBUG_INFORMATION_FORMAT = "dwarf-with-dsym";
				ENABLE_NS_ASSERTIONS = NO;
				ENABLE_STRICT_OBJC_MSGSEND = YES;
				GCC_C_LANGUAGE_STANDARD = gnu11;
				GCC_NO_COMMON_BLOCKS = YES;
				GCC_WARN_64_TO_32_BIT_CONVERSION = YES;
				GCC_WARN_ABOUT_RETURN_TYPE = YES_ERROR;
				GCC_WARN_UNDECLARED_SELECTOR = YES;
				GCC_WARN_UNINITIALIZED_AUTOS = YES_AGGRESSIVE;
				GCC_WARN_UNUSED_FUNCTION = YES;
				GCC_WARN_UNUSED_VARIABLE = YES;
				IPHONEOS_DEPLOYMENT_TARGET = 13.4;
				MTL_ENABLE_DEBUG_INFO = NO;
				MTL_FAST_MATH = YES;
				SDKROOT = iphoneos;
				SWIFT_COMPILATION_MODE = wholemodule;
				SWIFT_OPTIMIZATION_LEVEL = "-O";
				VALIDATE_PRODUCT = YES;
			};
			name = Release;
		};
		DADB5B5B2464914500630F31 /* Debug */ = {
			isa = XCBuildConfiguration;
			buildSettings = {
				ASSETCATALOG_COMPILER_APPICON_NAME = AppIcon;
				CODE_SIGN_STYLE = Automatic;
				DEVELOPMENT_ASSET_PATHS = "\"WeSplit/Preview Content\"";
				ENABLE_PREVIEWS = YES;
				INFOPLIST_FILE = WeSplit/Info.plist;
				LD_RUNPATH_SEARCH_PATHS = (
					"$(inherited)",
					"@executable_path/Frameworks",
				);
				PRODUCT_BUNDLE_IDENTIFIER = jsfranco.WeSplit;
				PRODUCT_NAME = "$(TARGET_NAME)";
				SWIFT_VERSION = 5.0;
				TARGETED_DEVICE_FAMILY = "1,2";
			};
			name = Debug;
		};
		DADB5B5C2464914500630F31 /* Release */ = {
			isa = XCBuildConfiguration;
			buildSettings = {
				ASSETCATALOG_COMPILER_APPICON_NAME = AppIcon;
				CODE_SIGN_STYLE = Automatic;
				DEVELOPMENT_ASSET_PATHS = "\"WeSplit/Preview Content\"";
				ENABLE_PREVIEWS = YES;
				INFOPLIST_FILE = WeSplit/Info.plist;
				LD_RUNPATH_SEARCH_PATHS = (
					"$(inherited)",
					"@executable_path/Frameworks",
				);
				PRODUCT_BUNDLE_IDENTIFIER = jsfranco.WeSplit;
				PRODUCT_NAME = "$(TARGET_NAME)";
				SWIFT_VERSION = 5.0;
				TARGETED_DEVICE_FAMILY = "1,2";
			};
			name = Release;
		};
		DADB5B5E2464914500630F31 /* Debug */ = {
			isa = XCBuildConfiguration;
			buildSettings = {
				ALWAYS_EMBED_SWIFT_STANDARD_LIBRARIES = YES;
				BUNDLE_LOADER = "$(TEST_HOST)";
				CODE_SIGN_STYLE = Automatic;
				INFOPLIST_FILE = WeSplitTests/Info.plist;
				IPHONEOS_DEPLOYMENT_TARGET = 13.4;
				LD_RUNPATH_SEARCH_PATHS = (
					"$(inherited)",
					"@executable_path/Frameworks",
					"@loader_path/Frameworks",
				);
				PRODUCT_BUNDLE_IDENTIFIER = jsfranco.WeSplitTests;
				PRODUCT_NAME = "$(TARGET_NAME)";
				SWIFT_VERSION = 5.0;
				TARGETED_DEVICE_FAMILY = "1,2";
				TEST_HOST = "$(BUILT_PRODUCTS_DIR)/WeSplit.app/WeSplit";
			};
			name = Debug;
		};
		DADB5B5F2464914500630F31 /* Release */ = {
			isa = XCBuildConfiguration;
			buildSettings = {
				ALWAYS_EMBED_SWIFT_STANDARD_LIBRARIES = YES;
				BUNDLE_LOADER = "$(TEST_HOST)";
				CODE_SIGN_STYLE = Automatic;
				INFOPLIST_FILE = WeSplitTests/Info.plist;
				IPHONEOS_DEPLOYMENT_TARGET = 13.4;
				LD_RUNPATH_SEARCH_PATHS = (
					"$(inherited)",
					"@executable_path/Frameworks",
					"@loader_path/Frameworks",
				);
				PRODUCT_BUNDLE_IDENTIFIER = jsfranco.WeSplitTests;
				PRODUCT_NAME = "$(TARGET_NAME)";
				SWIFT_VERSION = 5.0;
				TARGETED_DEVICE_FAMILY = "1,2";
				TEST_HOST = "$(BUILT_PRODUCTS_DIR)/WeSplit.app/WeSplit";
			};
			name = Release;
		};
/* End XCBuildConfiguration section */

/* Begin XCConfigurationList section */
		DADB5B332464914300630F31 /* Build configuration list for PBXProject "WeSplit" */ = {
			isa = XCConfigurationList;
			buildConfigurations = (
				DADB5B582464914500630F31 /* Debug */,
				DADB5B592464914500630F31 /* Release */,
			);
			defaultConfigurationIsVisible = 0;
			defaultConfigurationName = Release;
		};
		DADB5B5A2464914500630F31 /* Build configuration list for PBXNativeTarget "WeSplit" */ = {
			isa = XCConfigurationList;
			buildConfigurations = (
				DADB5B5B2464914500630F31 /* Debug */,
				DADB5B5C2464914500630F31 /* Release */,
			);
			defaultConfigurationIsVisible = 0;
			defaultConfigurationName = Release;
		};
		DADB5B5D2464914500630F31 /* Build configuration list for PBXNativeTarget "WeSplitTests" */ = {
			isa = XCConfigurationList;
			buildConfigurations = (
				DADB5B5E2464914500630F31 /* Debug */,
				DADB5B5F2464914500630F31 /* Release */,
			);
			defaultConfigurationIsVisible = 0;
			defaultConfigurationName = Release;
		};
/* End XCConfigurationList section */

/* Begin XCVersionGroup section */
		DADB5B3F2464914300630F31 /* WeSplit.xcdatamodeld */ = {
			isa = XCVersionGroup;
			children = (
				DADB5B402464914300630F31 /* WeSplit.xcdatamodel */,
			);
			currentVersion = DADB5B402464914300630F31 /* WeSplit.xcdatamodel */;
			path = WeSplit.xcdatamodeld;
			sourceTree = "<group>";
			versionGroupType = wrapper.xcdatamodel;
		};
/* End XCVersionGroup section */
	};
	rootObject = DADB5B302464914300630F31 /* Project object */;
}
